
Microsoft Visual Studio Solution File, Format Version 12.00
# Visual Studio Version 16
VisualStudioVersion = 16.0.29409.12
MinimumVisualStudioVersion = 10.0.40219.1
Project("{FAE04EC0-301F-11D3-BF4B-00C04F79EFBC}") = "DevOpsReleaseNotesAutomation", "DevOpsReleaseNotesAutomation\DevOpsReleaseNotesAutomation.csproj", "{81E566B9-C79D-4F73-80E5-847C93A1D5E7}"
EndProject
Global
	GlobalSection(SolutionConfigurationPlatforms) = preSolution
		Debug|Any CPU = Debug|Any CPU
		Release|Any CPU = Release|Any CPU
	EndGlobalSection
	GlobalSection(ProjectConfigurationPlatforms) = postSolution
		{81E566B9-C79D-4F73-80E5-847C93A1D5E7}.Debug|Any CPU.ActiveCfg = Debug|Any CPU
		{81E566B9-C79D-4F73-80E5-847C93A1D5E7}.Debug|Any CPU.Build.0 = Debug|Any CPU
		{81E566B9-C79D-4F73-80E5-847C93A1D5E7}.Release|Any CPU.ActiveCfg = Release|Any CPU
		{81E566B9-C79D-4F73-80E5-847C93A1D5E7}.Release|Any CPU.Build.0 = Release|Any CPU
	EndGlobalSection
	GlobalSection(SolutionProperties) = preSolution
		HideSolutionNode = FALSE
	EndGlobalSection
	GlobalSection(ExtensibilityGlobals) = postSolution
		SolutionGuid = {5377C1F8-3F7D-42A0-8582-A1A79200EFEB}
	EndGlobalSection
EndGlobal
